
Microsoft Visual Studio Solution File, Format Version 12.00
# Visual Studio Version 17
VisualStudioVersion = 17.7.34024.191
MinimumVisualStudioVersion = 10.0.40219.1
Project("{9A19103F-16F7-4668-BE54-9A1E7A4F7556}") = "AWS.Nuget.MemoryValidation", "AWS.Nuget.MemoryValidation\AWS.Nuget.MemoryValidation.csproj", "{847AD6CE-C2B7-4450-BF94-306EA8A4FDB6}"
EndProject
Project("{E53339B2-1760-4266-BCC7-CA923CBCF16C}") = "docker-compose", "docker-compose.dcproj", "{43165C20-1799-4DE2-8409-C1034B518B70}"
EndProject
Global
	GlobalSection(SolutionConfigurationPlatforms) = preSolution
		Debug|Any CPU = Debug|Any CPU
		Release|Any CPU = Release|Any CPU
	EndGlobalSection
	GlobalSection(ProjectConfigurationPlatforms) = postSolution
		{847AD6CE-C2B7-4450-BF94-306EA8A4FDB6}.Debug|Any CPU.ActiveCfg = Debug|Any CPU
		{847AD6CE-C2B7-4450-BF94-306EA8A4FDB6}.Debug|Any CPU.Build.0 = Debug|Any CPU
		{847AD6CE-C2B7-4450-BF94-306EA8A4FDB6}.Release|Any CPU.ActiveCfg = Release|Any CPU
		{847AD6CE-C2B7-4450-BF94-306EA8A4FDB6}.Release|Any CPU.Build.0 = Release|Any CPU
		{43165C20-1799-4DE2-8409-C1034B518B70}.Debug|Any CPU.ActiveCfg = Debug|Any CPU
		{43165C20-1799-4DE2-8409-C1034B518B70}.Debug|Any CPU.Build.0 = Debug|Any CPU
		{43165C20-1799-4DE2-8409-C1034B518B70}.Release|Any CPU.ActiveCfg = Release|Any CPU
		{43165C20-1799-4DE2-8409-C1034B518B70}.Release|Any CPU.Build.0 = Release|Any CPU
	EndGlobalSection
	GlobalSection(SolutionProperties) = preSolution
		HideSolutionNode = FALSE
	EndGlobalSection
	GlobalSection(ExtensibilityGlobals) = postSolution
		SolutionGuid = {A29F6B82-AEB1-4B4A-A260-2DFD4917FBF8}
	EndGlobalSection
EndGlobal
